
Microsoft Visual Studio Solution File, Format Version 12.00
# Visual Studio 2012
Project("{FAE04EC0-301F-11D3-BF4B-00C04F79EFBC}") = "MaterialSpinner-Xamarin-sample", "MaterialSpinner-Xamarin-sample\MaterialSpinner-Xamarin-sample.csproj", "{9184BF60-F347-4684-A720-81BA4B1E1945}"
EndProject
Global
	GlobalSection(SolutionConfigurationPlatforms) = preSolution
		Debug|Any CPU = Debug|Any CPU
		Release|Any CPU = Release|Any CPU
	EndGlobalSection
	GlobalSection(ProjectConfigurationPlatforms) = postSolution
		{9184BF60-F347-4684-A720-81BA4B1E1945}.Debug|Any CPU.ActiveCfg = Debug|Any CPU
		{9184BF60-F347-4684-A720-81BA4B1E1945}.Debug|Any CPU.Build.0 = Debug|Any CPU
		{9184BF60-F347-4684-A720-81BA4B1E1945}.Release|Any CPU.ActiveCfg = Release|Any CPU
		{9184BF60-F347-4684-A720-81BA4B1E1945}.Release|Any CPU.Build.0 = Release|Any CPU
	EndGlobalSection
EndGlobal
